
Microsoft Visual Studio Solution File, Format Version 12.00
# Visual Studio Version 16
VisualStudioVersion = 16.0.30406.217
MinimumVisualStudioVersion = 10.0.40219.1
Project("{9A19103F-16F7-4668-BE54-9A1E7A4F7556}") = "MathsFormula", "MathsFormula\MathsFormula.csproj", "{ECB61152-7D46-4D6B-B296-1E4269E2A49E}"
EndProject
Project("{9A19103F-16F7-4668-BE54-9A1E7A4F7556}") = "SideThing", "SideThing\SideThing.csproj", "{2D00037A-966F-4A22-A095-5A63931BAF43}"
EndProject
Project("{9A19103F-16F7-4668-BE54-9A1E7A4F7556}") = "Trigonometry", "Trigonometry\Trigonometry.csproj", "{D2F08CB2-9A51-4237-91DB-2387DB48ED5D}"
EndProject
Project("{9A19103F-16F7-4668-BE54-9A1E7A4F7556}") = "Vectors", "Vectors\Vectors.csproj", "{F7D18CBB-392A-43E3-8AA0-777C83D6C1C5}"
EndProject
Project("{9A19103F-16F7-4668-BE54-9A1E7A4F7556}") = "Binary", "Binary\Binary.csproj", "{F37C3841-F6F1-46F8-82C0-73B5F8A5457B}"
EndProject
Project("{9A19103F-16F7-4668-BE54-9A1E7A4F7556}") = "Matrices", "Matrices\Matrices.csproj", "{9480E7F5-09C7-4A81-9352-D760946EA321}"
EndProject
Project("{9A19103F-16F7-4668-BE54-9A1E7A4F7556}") = "MatrixHierarchies", "MatrixHierarchies\MatrixHierarchies.csproj", "{E173BB72-1CD9-49CD-AEEF-AE29A291069F}"
EndProject
Project("{FAE04EC0-301F-11D3-BF4B-00C04F79EFBC}") = "MathClasses", "..\UnitTest\MathClasses\MathClasses.csproj", "{93BC4FF5-4A18-468D-A676-F62F770A6937}"
EndProject
Project("{FAE04EC0-301F-11D3-BF4B-00C04F79EFBC}") = "UnitTestProject", "..\UnitTest\UnitTestProject\UnitTestProject.csproj", "{2731BE78-C467-4E92-9381-4F6B9EA68963}"
EndProject
Global
	GlobalSection(SolutionConfigurationPlatforms) = preSolution
		Debug|Any CPU = Debug|Any CPU
		Release|Any CPU = Release|Any CPU
	EndGlobalSection
	GlobalSection(ProjectConfigurationPlatforms) = postSolution
		{ECB61152-7D46-4D6B-B296-1E4269E2A49E}.Debug|Any CPU.ActiveCfg = Debug|Any CPU
		{ECB61152-7D46-4D6B-B296-1E4269E2A49E}.Debug|Any CPU.Build.0 = Debug|Any CPU
		{ECB61152-7D46-4D6B-B296-1E4269E2A49E}.Release|Any CPU.ActiveCfg = Release|Any CPU
		{ECB61152-7D46-4D6B-B296-1E4269E2A49E}.Release|Any CPU.Build.0 = Release|Any CPU
		{2D00037A-966F-4A22-A095-5A63931BAF43}.Debug|Any CPU.ActiveCfg = Debug|Any CPU
		{2D00037A-966F-4A22-A095-5A63931BAF43}.Debug|Any CPU.Build.0 = Debug|Any CPU
		{2D00037A-966F-4A22-A095-5A63931BAF43}.Release|Any CPU.ActiveCfg = Release|Any CPU
		{2D00037A-966F-4A22-A095-5A63931BAF43}.Release|Any CPU.Build.0 = Release|Any CPU
		{D2F08CB2-9A51-4237-91DB-2387DB48ED5D}.Debug|Any CPU.ActiveCfg = Debug|Any CPU
		{D2F08CB2-9A51-4237-91DB-2387DB48ED5D}.Debug|Any CPU.Build.0 = Debug|Any CPU
		{D2F08CB2-9A51-4237-91DB-2387DB48ED5D}.Release|Any CPU.ActiveCfg = Release|Any CPU
		{D2F08CB2-9A51-4237-91DB-2387DB48ED5D}.Release|Any CPU.Build.0 = Release|Any CPU
		{F7D18CBB-392A-43E3-8AA0-777C83D6C1C5}.Debug|Any CPU.ActiveCfg = Debug|Any CPU
		{F7D18CBB-392A-43E3-8AA0-777C83D6C1C5}.Debug|Any CPU.Build.0 = Debug|Any CPU
		{F7D18CBB-392A-43E3-8AA0-777C83D6C1C5}.Release|Any CPU.ActiveCfg = Release|Any CPU
		{F7D18CBB-392A-43E3-8AA0-777C83D6C1C5}.Release|Any CPU.Build.0 = Release|Any CPU
		{F37C3841-F6F1-46F8-82C0-73B5F8A5457B}.Debug|Any CPU.ActiveCfg = Debug|Any CPU
		{F37C3841-F6F1-46F8-82C0-73B5F8A5457B}.Debug|Any CPU.Build.0 = Debug|Any CPU
		{F37C3841-F6F1-46F8-82C0-73B5F8A5457B}.Release|Any CPU.ActiveCfg = Release|Any CPU
		{F37C3841-F6F1-46F8-82C0-73B5F8A5457B}.Release|Any CPU.Build.0 = Release|Any CPU
		{9480E7F5-09C7-4A81-9352-D760946EA321}.Debug|Any CPU.ActiveCfg = Debug|Any CPU
		{9480E7F5-09C7-4A81-9352-D760946EA321}.Debug|Any CPU.Build.0 = Debug|Any CPU
		{9480E7F5-09C7-4A81-9352-D760946EA321}.Release|Any CPU.ActiveCfg = Release|Any CPU
		{9480E7F5-09C7-4A81-9352-D760946EA321}.Release|Any CPU.Build.0 = Release|Any CPU
		{E173BB72-1CD9-49CD-AEEF-AE29A291069F}.Debug|Any CPU.ActiveCfg = Debug|Any CPU
		{E173BB72-1CD9-49CD-AEEF-AE29A291069F}.Debug|Any CPU.Build.0 = Debug|Any CPU
		{E173BB72-1CD9-49CD-AEEF-AE29A291069F}.Release|Any CPU.ActiveCfg = Release|Any CPU
		{E173BB72-1CD9-49CD-AEEF-AE29A291069F}.Release|Any CPU.Build.0 = Release|Any CPU
		{93BC4FF5-4A18-468D-A676-F62F770A6937}.Debug|Any CPU.ActiveCfg = Debug|Any CPU
		{93BC4FF5-4A18-468D-A676-F62F770A6937}.Debug|Any CPU.Build.0 = Debug|Any CPU
		{93BC4FF5-4A18-468D-A676-F62F770A6937}.Release|Any CPU.ActiveCfg = Release|Any CPU
		{93BC4FF5-4A18-468D-A676-F62F770A6937}.Release|Any CPU.Build.0 = Release|Any CPU
		{2731BE78-C467-4E92-9381-4F6B9EA68963}.Debug|Any CPU.ActiveCfg = Debug|Any CPU
		{2731BE78-C467-4E92-9381-4F6B9EA68963}.Debug|Any CPU.Build.0 = Debug|Any CPU
		{2731BE78-C467-4E92-9381-4F6B9EA68963}.Release|Any CPU.ActiveCfg = Release|Any CPU
		{2731BE78-C467-4E92-9381-4F6B9EA68963}.Release|Any CPU.Build.0 = Release|Any CPU
	EndGlobalSection
	GlobalSection(SolutionProperties) = preSolution
		HideSolutionNode = FALSE
	EndGlobalSection
	GlobalSection(ExtensibilityGlobals) = postSolution
		SolutionGuid = {58272689-1A70-4E0D-8B67-EA4B603B5391}
	EndGlobalSection
EndGlobal
